{
  "nodes": {
    "catppuccin": {
      "locked": {
        "lastModified": 1717070887,
        "narHash": "sha256-ZTEMINFqQL+m55kmoDYIKf3i2NGitSkjBnnLu99ezh0=",
        "owner": "catppuccin",
        "repo": "nix",
        "rev": "2c7661c9fa26a920b8088300ef87d14179c71a27",
        "type": "github"
      },
      "original": {
        "owner": "catppuccin",
        "repo": "nix",
        "type": "github"
      }
    },
    "home-manager": {
      "inputs": {
        "nixpkgs": [
          "nixpkgs"
        ]
      },
      "locked": {
        "lastModified": 1717476107,
        "narHash": "sha256-q2StzUV3Rm9LoUj6neRkIbxK9eXEieZji5bIVu17DSM=",
        "owner": "nix-community",
        "repo": "home-manager",
        "rev": "07b2c41d2df2878a5c71229a66fb1f8ccef71c47",
        "type": "github"
      },
      "original": {
        "owner": "nix-community",
        "repo": "home-manager",
        "type": "github"
      }
    },
    "more-waita": {
      "flake": false,
      "locked": {
        "lastModified": 1714324684,
        "narHash": "sha256-E8zkq8Zfn90Qrn5clXquHAQhAI4K4/7JV7fjujf1P7U=",
        "type": "tarball",
        "url": "https://github.com/somepaulo/MoreWaita/archive/refs/heads/main.zip"
      },
      "original": {
        "type": "tarball",
        "url": "https://github.com/somepaulo/MoreWaita/archive/refs/heads/main.zip"
      }
    },
    "nixpkgs": {
      "locked": {
        "lastModified": 1717196966,
        "narHash": "sha256-yZKhxVIKd2lsbOqYd5iDoUIwsRZFqE87smE2Vzf6Ck0=",
        "owner": "nixos",
        "repo": "nixpkgs",
        "rev": "57610d2f8f0937f39dbd72251e9614b1561942d8",
        "type": "github"
      },
      "original": {
        "owner": "nixos",
        "ref": "nixos-unstable",
        "repo": "nixpkgs",
        "type": "github"
      }
    },
    "nixpkgs-master": {
      "locked": {
        "lastModified": 1717477270,
        "narHash": "sha256-0QmU2IzpVkUU+dj4VoxicO/LzBK7S5dhLQwE1Mg9Geg=",
        "owner": "nixos",
        "repo": "nixpkgs",
        "rev": "ae39172540deeea55032310d5201fea56ad3d4a8",
        "type": "github"
      },
      "original": {
        "owner": "nixos",
        "ref": "master",
        "repo": "nixpkgs",
        "type": "github"
      }
    },
    "root": {
      "inputs": {
        "catppuccin": "catppuccin",
        "home-manager": "home-manager",
        "more-waita": "more-waita",
        "nixpkgs": "nixpkgs",
        "nixpkgs-master": "nixpkgs-master"
      }
    }
  },
  "root": "root",
  "version": 7
}
